
Microsoft Visual Studio Solution File, Format Version 12.00
# Visual Studio Version 17
VisualStudioVersion = 17.8.34316.72
MinimumVisualStudioVersion = 10.0.40219.1
Project("{9A19103F-16F7-4668-BE54-9A1E7A4F7556}") = "Shared", "Shared.csproj", "{2419F890-A2BE-436E-9DFA-23C6EC284B7C}"
EndProject
Global
	GlobalSection(SolutionConfigurationPlatforms) = preSolution
		Debug|Any CPU = Debug|Any CPU
		Release|Any CPU = Release|Any CPU
	EndGlobalSection
	GlobalSection(ProjectConfigurationPlatforms) = postSolution
		{2419F890-A2BE-436E-9DFA-23C6EC284B7C}.Debug|Any CPU.ActiveCfg = Debug|Any CPU
		{2419F890-A2BE-436E-9DFA-23C6EC284B7C}.Debug|Any CPU.Build.0 = Debug|Any CPU
		{2419F890-A2BE-436E-9DFA-23C6EC284B7C}.Release|Any CPU.ActiveCfg = Release|Any CPU
		{2419F890-A2BE-436E-9DFA-23C6EC284B7C}.Release|Any CPU.Build.0 = Release|Any CPU
	EndGlobalSection
	GlobalSection(SolutionProperties) = preSolution
		HideSolutionNode = FALSE
	EndGlobalSection
	GlobalSection(ExtensibilityGlobals) = postSolution
		SolutionGuid = {63644C01-789D-422E-B338-212A29F4505B}
	EndGlobalSection
EndGlobal
